// !$*UTF8*$!
{
	archiveVersion = 1;
	classes = {
	};
	objectVersion = 50;
	objects = {

/* Begin PBXBuildFile section */
		F132B28524038DFA005B302A /* AppDelegate.swift in Sources */ = {isa = PBXBuildFile; fileRef = F132B28424038DFA005B302A /* AppDelegate.swift */; };
		F132B28724038DFA005B302A /* SceneDelegate.swift in Sources */ = {isa = PBXBuildFile; fileRef = F132B28624038DFA005B302A /* SceneDelegate.swift */; };
		F132B28E24038E00005B302A /* Assets.xcassets in Resources */ = {isa = PBXBuildFile; fileRef = F132B28D24038E00005B302A /* Assets.xcassets */; };
		F132B29124038E00005B302A /* LaunchScreen.storyboard in Resources */ = {isa = PBXBuildFile; fileRef = F132B28F24038E00005B302A /* LaunchScreen.storyboard */; };
		F132B29C24039508005B302A /* SearchVC.swift in Sources */ = {isa = PBXBuildFile; fileRef = F132B29B24039508005B302A /* SearchVC.swift */; };
		F132B29F2403953A005B302A /* FavoritesListVC.swift in Sources */ = {isa = PBXBuildFile; fileRef = F132B29E2403953A005B302A /* FavoritesListVC.swift */; };
		F132B2A324039B10005B302A /* GFButton.swift in Sources */ = {isa = PBXBuildFile; fileRef = F132B2A224039B10005B302A /* GFButton.swift */; };
		F132B2A624039E60005B302A /* GFTextField.swift in Sources */ = {isa = PBXBuildFile; fileRef = F132B2A524039E60005B302A /* GFTextField.swift */; };
		F16ADA7F27B1DAD60002E45E /* GFTitleLabel.swift in Sources */ = {isa = PBXBuildFile; fileRef = F16ADA7E27B1DAD60002E45E /* GFTitleLabel.swift */; };
		F16ADA8227B1DC250002E45E /* GFBodyLabel.swift in Sources */ = {isa = PBXBuildFile; fileRef = F16ADA8127B1DC250002E45E /* GFBodyLabel.swift */; };
		F16ADA8427B1DCE90002E45E /* GFAlertViewVC.swift in Sources */ = {isa = PBXBuildFile; fileRef = F16ADA8327B1DCE90002E45E /* GFAlertViewVC.swift */; };
		F16ADA8727B1E2270002E45E /* UIViewController+Utils.swift in Sources */ = {isa = PBXBuildFile; fileRef = F16ADA8627B1E2270002E45E /* UIViewController+Utils.swift */; };
		F16ADA8B27B1E6AF0002E45E /* GFContainerView.swift in Sources */ = {isa = PBXBuildFile; fileRef = F16ADA8A27B1E6AF0002E45E /* GFContainerView.swift */; };
		F16ADA8E27B1EC890002E45E /* Follower.swift in Sources */ = {isa = PBXBuildFile; fileRef = F16ADA8D27B1EC890002E45E /* Follower.swift */; };
		F16ADA9027B1ED4C0002E45E /* User.swift in Sources */ = {isa = PBXBuildFile; fileRef = F16ADA8F27B1ED4C0002E45E /* User.swift */; };
		F16ADA9327B1F0420002E45E /* NetworkManager.swift in Sources */ = {isa = PBXBuildFile; fileRef = F16ADA9227B1F0420002E45E /* NetworkManager.swift */; };
		F16ADA9627B1F9120002E45E /* ErrorMessage.swift in Sources */ = {isa = PBXBuildFile; fileRef = F16ADA9527B1F9120002E45E /* ErrorMessage.swift */; };
		F16ADA9927B1FCE40002E45E /* FollowerCell.swift in Sources */ = {isa = PBXBuildFile; fileRef = F16ADA9827B1FCE40002E45E /* FollowerCell.swift */; };
		F16ADA9B27B1FD280002E45E /* GFImageView.swift in Sources */ = {isa = PBXBuildFile; fileRef = F16ADA9A27B1FD280002E45E /* GFImageView.swift */; };
		F16ADA9D27B221390002E45E /* UIHelper.swift in Sources */ = {isa = PBXBuildFile; fileRef = F16ADA9C27B221390002E45E /* UIHelper.swift */; };
		F16ADA9F27B2326B0002E45E /* GFEmptyStateView.swift in Sources */ = {isa = PBXBuildFile; fileRef = F16ADA9E27B2326B0002E45E /* GFEmptyStateView.swift */; };
		F1C595FB26CDC89B0045AFBC /* FollowerListVC.swift in Sources */ = {isa = PBXBuildFile; fileRef = F1C595FA26CDC89B0045AFBC /* FollowerListVC.swift */; };
		F1FD12B627B3775100373255 /* UserInfoVC.swift in Sources */ = {isa = PBXBuildFile; fileRef = F1FD12B527B3775100373255 /* UserInfoVC.swift */; };
/* End PBXBuildFile section */

/* Begin PBXFileReference section */
		F132B28124038DFA005B302A /* GHFollowers.app */ = {isa = PBXFileReference; explicitFileType = wrapper.application; includeInIndex = 0; path = GHFollowers.app; sourceTree = BUILT_PRODUCTS_DIR; };
		F132B28424038DFA005B302A /* AppDelegate.swift */ = {isa = PBXFileReference; lastKnownFileType = sourcecode.swift; path = AppDelegate.swift; sourceTree = "<group>"; };
		F132B28624038DFA005B302A /* SceneDelegate.swift */ = {isa = PBXFileReference; lastKnownFileType = sourcecode.swift; path = SceneDelegate.swift; sourceTree = "<group>"; };
		F132B28D24038E00005B302A /* Assets.xcassets */ = {isa = PBXFileReference; lastKnownFileType = folder.assetcatalog; path = Assets.xcassets; sourceTree = "<group>"; };
		F132B29024038E00005B302A /* Base */ = {isa = PBXFileReference; lastKnownFileType = file.storyboard; name = Base; path = Base.lproj/LaunchScreen.storyboard; sourceTree = "<group>"; };
		F132B29224038E00005B302A /* Info.plist */ = {isa = PBXFileReference; lastKnownFileType = text.plist.xml; path = Info.plist; sourceTree = "<group>"; };
		F132B29B24039508005B302A /* SearchVC.swift */ = {isa = PBXFileReference; lastKnownFileType = sourcecode.swift; path = SearchVC.swift; sourceTree = "<group>"; };
		F132B29E2403953A005B302A /* FavoritesListVC.swift */ = {isa = PBXFileReference; lastKnownFileType = sourcecode.swift; path = FavoritesListVC.swift; sourceTree = "<group>"; };
		F132B2A224039B10005B302A /* GFButton.swift */ = {isa = PBXFileReference; lastKnownFileType = sourcecode.swift; path = GFButton.swift; sourceTree = "<group>"; };
		F132B2A524039E60005B302A /* GFTextField.swift */ = {isa = PBXFileReference; lastKnownFileType = sourcecode.swift; path = GFTextField.swift; sourceTree = "<group>"; };
		F16ADA7E27B1DAD60002E45E /* GFTitleLabel.swift */ = {isa = PBXFileReference; lastKnownFileType = sourcecode.swift; path = GFTitleLabel.swift; sourceTree = "<group>"; };
		F16ADA8127B1DC250002E45E /* GFBodyLabel.swift */ = {isa = PBXFileReference; lastKnownFileType = sourcecode.swift; path = GFBodyLabel.swift; sourceTree = "<group>"; };
		F16ADA8327B1DCE90002E45E /* GFAlertViewVC.swift */ = {isa = PBXFileReference; lastKnownFileType = sourcecode.swift; path = GFAlertViewVC.swift; sourceTree = "<group>"; };
		F16ADA8627B1E2270002E45E /* UIViewController+Utils.swift */ = {isa = PBXFileReference; lastKnownFileType = sourcecode.swift; path = "UIViewController+Utils.swift"; sourceTree = "<group>"; };
		F16ADA8A27B1E6AF0002E45E /* GFContainerView.swift */ = {isa = PBXFileReference; lastKnownFileType = sourcecode.swift; path = GFContainerView.swift; sourceTree = "<group>"; };
		F16ADA8D27B1EC890002E45E /* Follower.swift */ = {isa = PBXFileReference; lastKnownFileType = sourcecode.swift; path = Follower.swift; sourceTree = "<group>"; };
		F16ADA8F27B1ED4C0002E45E /* User.swift */ = {isa = PBXFileReference; lastKnownFileType = sourcecode.swift; path = User.swift; sourceTree = "<group>"; };
		F16ADA9227B1F0420002E45E /* NetworkManager.swift */ = {isa = PBXFileReference; lastKnownFileType = sourcecode.swift; path = NetworkManager.swift; sourceTree = "<group>"; };
		F16ADA9527B1F9120002E45E /* ErrorMessage.swift */ = {isa = PBXFileReference; lastKnownFileType = sourcecode.swift; path = ErrorMessage.swift; sourceTree = "<group>"; };
		F16ADA9827B1FCE40002E45E /* FollowerCell.swift */ = {isa = PBXFileReference; lastKnownFileType = sourcecode.swift; path = FollowerCell.swift; sourceTree = "<group>"; };
		F16ADA9A27B1FD280002E45E /* GFImageView.swift */ = {isa = PBXFileReference; lastKnownFileType = sourcecode.swift; path = GFImageView.swift; sourceTree = "<group>"; };
		F16ADA9C27B221390002E45E /* UIHelper.swift */ = {isa = PBXFileReference; lastKnownFileType = sourcecode.swift; path = UIHelper.swift; sourceTree = "<group>"; };
		F16ADA9E27B2326B0002E45E /* GFEmptyStateView.swift */ = {isa = PBXFileReference; lastKnownFileType = sourcecode.swift; path = GFEmptyStateView.swift; sourceTree = "<group>"; };
		F1C595FA26CDC89B0045AFBC /* FollowerListVC.swift */ = {isa = PBXFileReference; lastKnownFileType = sourcecode.swift; path = FollowerListVC.swift; sourceTree = "<group>"; };
		F1FD12B527B3775100373255 /* UserInfoVC.swift */ = {isa = PBXFileReference; lastKnownFileType = sourcecode.swift; path = UserInfoVC.swift; sourceTree = "<group>"; };
/* End PBXFileReference section */

/* Begin PBXFrameworksBuildPhase section */
		F132B27E24038DFA005B302A /* Frameworks */ = {
			isa = PBXFrameworksBuildPhase;
			buildActionMask = 2147483647;
			files = (
			);
			runOnlyForDeploymentPostprocessing = 0;
		};
/* End PBXFrameworksBuildPhase section */

/* Begin PBXGroup section */
		F132B27824038DFA005B302A = {
			isa = PBXGroup;
			children = (
				F132B28324038DFA005B302A /* GHFollowers */,
				F132B28224038DFA005B302A /* Products */,
			);
			sourceTree = "<group>";
		};
		F132B28224038DFA005B302A /* Products */ = {
			isa = PBXGroup;
			children = (
				F132B28124038DFA005B302A /* GHFollowers.app */,
			);
			name = Products;
			sourceTree = "<group>";
		};
		F132B28324038DFA005B302A /* GHFollowers */ = {
			isa = PBXGroup;
			children = (
				F16ADA9427B1F9060002E45E /* Utils */,
				F16ADA9127B1F0380002E45E /* NetworkManager */,
				F16ADA8C27B1E7E20002E45E /* Models */,
				F132B2A024039AB8005B302A /* CustomViews */,
				F16ADA8527B1E2140002E45E /* Extensions */,
				F132B298240394D2005B302A /* VCs */,
				F16ADA8927B1E5040002E45E /* Support */,
			);
			path = GHFollowers;
			sourceTree = "<group>";
		};
		F132B298240394D2005B302A /* VCs */ = {
			isa = PBXGroup;
			children = (
				F132B299240394EF005B302A /* Containers */,
			);
			path = VCs;
			sourceTree = "<group>";
		};
		F132B299240394EF005B302A /* Containers */ = {
			isa = PBXGroup;
			children = (
				F132B29E2403953A005B302A /* FavoritesListVC.swift */,
				F132B29B24039508005B302A /* SearchVC.swift */,
				F1C595FA26CDC89B0045AFBC /* FollowerListVC.swift */,
				F1FD12B527B3775100373255 /* UserInfoVC.swift */,
			);
			path = Containers;
			sourceTree = "<group>";
		};
		F132B2A024039AB8005B302A /* CustomViews */ = {
			isa = PBXGroup;
			children = (
				F16ADAA427B232A90002E45E /* Buttons */,
				F16ADA9727B1FCCD0002E45E /* Cells */,
				F16ADAA527B232B30002E45E /* ImageViews */,
				F16ADAA227B232960002E45E /* Labels */,
				F16ADAA327B232A10002E45E /* TextFields */,
				F16ADAA127B232870002E45E /* ViewControllers */,
				F16ADAA027B232770002E45E /* Views */,
			);
			path = CustomViews;
			sourceTree = "<group>";
		};
		F16ADA8527B1E2140002E45E /* Extensions */ = {
			isa = PBXGroup;
			children = (
				F16ADA8627B1E2270002E45E /* UIViewController+Utils.swift */,
			);
			path = Extensions;
			sourceTree = "<group>";
		};
		F16ADA8927B1E5040002E45E /* Support */ = {
			isa = PBXGroup;
			children = (
				F132B28424038DFA005B302A /* AppDelegate.swift */,
				F132B28624038DFA005B302A /* SceneDelegate.swift */,
				F132B28D24038E00005B302A /* Assets.xcassets */,
				F132B28F24038E00005B302A /* LaunchScreen.storyboard */,
				F132B29224038E00005B302A /* Info.plist */,
			);
			path = Support;
			sourceTree = "<group>";
		};
		F16ADA8C27B1E7E20002E45E /* Models */ = {
			isa = PBXGroup;
			children = (
				F16ADA8D27B1EC890002E45E /* Follower.swift */,
				F16ADA8F27B1ED4C0002E45E /* User.swift */,
			);
			path = Models;
			sourceTree = "<group>";
		};
		F16ADA9127B1F0380002E45E /* NetworkManager */ = {
			isa = PBXGroup;
			children = (
				F16ADA9227B1F0420002E45E /* NetworkManager.swift */,
			);
			path = NetworkManager;
			sourceTree = "<group>";
		};
		F16ADA9427B1F9060002E45E /* Utils */ = {
			isa = PBXGroup;
			children = (
				F16ADA9527B1F9120002E45E /* ErrorMessage.swift */,
				F16ADA9C27B221390002E45E /* UIHelper.swift */,
			);
			path = Utils;
			sourceTree = "<group>";
		};
		F16ADA9727B1FCCD0002E45E /* Cells */ = {
			isa = PBXGroup;
			children = (
				F16ADA9827B1FCE40002E45E /* FollowerCell.swift */,
			);
			path = Cells;
			sourceTree = "<group>";
		};
		F16ADAA027B232770002E45E /* Views */ = {
			isa = PBXGroup;
			children = (
				F16ADA9E27B2326B0002E45E /* GFEmptyStateView.swift */,
				F16ADA8A27B1E6AF0002E45E /* GFContainerView.swift */,
			);
			path = Views;
			sourceTree = "<group>";
		};
		F16ADAA127B232870002E45E /* ViewControllers */ = {
			isa = PBXGroup;
			children = (
				F16ADA8327B1DCE90002E45E /* GFAlertViewVC.swift */,
			);
			path = ViewControllers;
			sourceTree = "<group>";
		};
		F16ADAA227B232960002E45E /* Labels */ = {
			isa = PBXGroup;
			children = (
				F16ADA7E27B1DAD60002E45E /* GFTitleLabel.swift */,
				F16ADA8127B1DC250002E45E /* GFBodyLabel.swift */,
			);
			path = Labels;
			sourceTree = "<group>";
		};
		F16ADAA327B232A10002E45E /* TextFields */ = {
			isa = PBXGroup;
			children = (
				F132B2A524039E60005B302A /* GFTextField.swift */,
			);
			path = TextFields;
			sourceTree = "<group>";
		};
		F16ADAA427B232A90002E45E /* Buttons */ = {
			isa = PBXGroup;
			children = (
				F132B2A224039B10005B302A /* GFButton.swift */,
			);
			path = Buttons;
			sourceTree = "<group>";
		};
		F16ADAA527B232B30002E45E /* ImageViews */ = {
			isa = PBXGroup;
			children = (
				F16ADA9A27B1FD280002E45E /* GFImageView.swift */,
			);
			path = ImageViews;
			sourceTree = "<group>";
		};
/* End PBXGroup section */

/* Begin PBXNativeTarget section */
		F132B28024038DFA005B302A /* GHFollowers */ = {
			isa = PBXNativeTarget;
			buildConfigurationList = F132B29524038E00005B302A /* Build configuration list for PBXNativeTarget "GHFollowers" */;
			buildPhases = (
				F132B27D24038DFA005B302A /* Sources */,
				F132B27E24038DFA005B302A /* Frameworks */,
				F132B27F24038DFA005B302A /* Resources */,
			);
			buildRules = (
			);
			dependencies = (
			);
			name = GHFollowers;
			productName = GHFollowers;
			productReference = F132B28124038DFA005B302A /* GHFollowers.app */;
			productType = "com.apple.product-type.application";
		};
/* End PBXNativeTarget section */

/* Begin PBXProject section */
		F132B27924038DFA005B302A /* Project object */ = {
			isa = PBXProject;
			attributes = {
				LastSwiftUpdateCheck = 1130;
				LastUpgradeCheck = 1320;
				ORGANIZATIONNAME = "Diego Cué Hernández";
				TargetAttributes = {
					F132B28024038DFA005B302A = {
						CreatedOnToolsVersion = 11.3.1;
					};
				};
			};
			buildConfigurationList = F132B27C24038DFA005B302A /* Build configuration list for PBXProject "GHFollowers" */;
			compatibilityVersion = "Xcode 9.3";
			developmentRegion = en;
			hasScannedForEncodings = 0;
			knownRegions = (
				en,
				Base,
			);
			mainGroup = F132B27824038DFA005B302A;
			productRefGroup = F132B28224038DFA005B302A /* Products */;
			projectDirPath = "";
			projectRoot = "";
			targets = (
				F132B28024038DFA005B302A /* GHFollowers */,
			);
		};
/* End PBXProject section */

/* Begin PBXResourcesBuildPhase section */
		F132B27F24038DFA005B302A /* Resources */ = {
			isa = PBXResourcesBuildPhase;
			buildActionMask = 2147483647;
			files = (
				F132B29124038E00005B302A /* LaunchScreen.storyboard in Resources */,
				F132B28E24038E00005B302A /* Assets.xcassets in Resources */,
			);
			runOnlyForDeploymentPostprocessing = 0;
		};
/* End PBXResourcesBuildPhase section */

/* Begin PBXSourcesBuildPhase section */
		F132B27D24038DFA005B302A /* Sources */ = {
			isa = PBXSourcesBuildPhase;
			buildActionMask = 2147483647;
			files = (
				F132B2A624039E60005B302A /* GFTextField.swift in Sources */,
				F132B29F2403953A005B302A /* FavoritesListVC.swift in Sources */,
				F132B2A324039B10005B302A /* GFButton.swift in Sources */,
				F132B29C24039508005B302A /* SearchVC.swift in Sources */,
				F16ADA8227B1DC250002E45E /* GFBodyLabel.swift in Sources */,
				F16ADA9F27B2326B0002E45E /* GFEmptyStateView.swift in Sources */,
				F16ADA9B27B1FD280002E45E /* GFImageView.swift in Sources */,
				F16ADA7F27B1DAD60002E45E /* GFTitleLabel.swift in Sources */,
				F16ADA9027B1ED4C0002E45E /* User.swift in Sources */,
				F16ADA9927B1FCE40002E45E /* FollowerCell.swift in Sources */,
				F16ADA8727B1E2270002E45E /* UIViewController+Utils.swift in Sources */,
				F1FD12B627B3775100373255 /* UserInfoVC.swift in Sources */,
				F16ADA8E27B1EC890002E45E /* Follower.swift in Sources */,
				F1C595FB26CDC89B0045AFBC /* FollowerListVC.swift in Sources */,
				F16ADA8427B1DCE90002E45E /* GFAlertViewVC.swift in Sources */,
				F132B28524038DFA005B302A /* AppDelegate.swift in Sources */,
				F16ADA9627B1F9120002E45E /* ErrorMessage.swift in Sources */,
				F16ADA9D27B221390002E45E /* UIHelper.swift in Sources */,
				F16ADA9327B1F0420002E45E /* NetworkManager.swift in Sources */,
				F132B28724038DFA005B302A /* SceneDelegate.swift in Sources */,
				F16ADA8B27B1E6AF0002E45E /* GFContainerView.swift in Sources */,
			);
			runOnlyForDeploymentPostprocessing = 0;
		};
/* End PBXSourcesBuildPhase section */

/* Begin PBXVariantGroup section */
		F132B28F24038E00005B302A /* LaunchScreen.storyboard */ = {
			isa = PBXVariantGroup;
			children = (
				F132B29024038E00005B302A /* Base */,
			);
			name = LaunchScreen.storyboard;
			sourceTree = "<group>";
		};
/* End PBXVariantGroup section */

/* Begin XCBuildConfiguration section */
		F132B29324038E00005B302A /* Debug */ = {
			isa = XCBuildConfiguration;
			buildSettings = {
				ALWAYS_SEARCH_USER_PATHS = NO;
				CLANG_ANALYZER_NONNULL = YES;
				CLANG_ANALYZER_NUMBER_OBJECT_CONVERSION = YES_AGGRESSIVE;
				CLANG_CXX_LANGUAGE_STANDARD = "gnu++14";
				CLANG_CXX_LIBRARY = "libc++";
				CLANG_ENABLE_MODULES = YES;
				CLANG_ENABLE_OBJC_ARC = YES;
				CLANG_ENABLE_OBJC_WEAK = YES;
				CLANG_WARN_BLOCK_CAPTURE_AUTORELEASING = YES;
				CLANG_WARN_BOOL_CONVERSION = YES;
				CLANG_WARN_COMMA = YES;
				CLANG_WARN_CONSTANT_CONVERSION = YES;
				CLANG_WARN_DEPRECATED_OBJC_IMPLEMENTATIONS = YES;
				CLANG_WARN_DIRECT_OBJC_ISA_USAGE = YES_ERROR;
				CLANG_WARN_DOCUMENTATION_COMMENTS = YES;
				CLANG_WARN_EMPTY_BODY = YES;
				CLANG_WARN_ENUM_CONVERSION = YES;
				CLANG_WARN_INFINITE_RECURSION = YES;
				CLANG_WARN_INT_CONVERSION = YES;
				CLANG_WARN_NON_LITERAL_NULL_CONVERSION = YES;
				CLANG_WARN_OBJC_IMPLICIT_RETAIN_SELF = YES;
				CLANG_WARN_OBJC_LITERAL_CONVERSION = YES;
				CLANG_WARN_OBJC_ROOT_CLASS = YES_ERROR;
				CLANG_WARN_QUOTED_INCLUDE_IN_FRAMEWORK_HEADER = YES;
				CLANG_WARN_RANGE_LOOP_ANALYSIS = YES;
				CLANG_WARN_STRICT_PROTOTYPES = YES;
				CLANG_WARN_SUSPICIOUS_MOVE = YES;
				CLANG_WARN_UNGUARDED_AVAILABILITY = YES_AGGRESSIVE;
				CLANG_WARN_UNREACHABLE_CODE = YES;
				CLANG_WARN__DUPLICATE_METHOD_MATCH = YES;
				COPY_PHASE_STRIP = NO;
				DEBUG_INFORMATION_FORMAT = dwarf;
				ENABLE_STRICT_OBJC_MSGSEND = YES;
				ENABLE_TESTABILITY = YES;
				GCC_C_LANGUAGE_STANDARD = gnu11;
				GCC_DYNAMIC_NO_PIC = NO;
				GCC_NO_COMMON_BLOCKS = YES;
				GCC_OPTIMIZATION_LEVEL = 0;
				GCC_PREPROCESSOR_DEFINITIONS = (
					"DEBUG=1",
					"$(inherited)",
				);
				GCC_WARN_64_TO_32_BIT_CONVERSION = YES;
				GCC_WARN_ABOUT_RETURN_TYPE = YES_ERROR;
				GCC_WARN_UNDECLARED_SELECTOR = YES;
				GCC_WARN_UNINITIALIZED_AUTOS = YES_AGGRESSIVE;
				GCC_WARN_UNUSED_FUNCTION = YES;
				GCC_WARN_UNUSED_VARIABLE = YES;
				IPHONEOS_DEPLOYMENT_TARGET = 13.2;
				MTL_ENABLE_DEBUG_INFO = INCLUDE_SOURCE;
				MTL_FAST_MATH = YES;
				ONLY_ACTIVE_ARCH = YES;
				SDKROOT = iphoneos;
				SWIFT_ACTIVE_COMPILATION_CONDITIONS = DEBUG;
				SWIFT_OPTIMIZATION_LEVEL = "-Onone";
			};
			name = Debug;
		};
		F132B29424038E00005B302A /* Release */ = {
			isa = XCBuildConfiguration;
			buildSettings = {
				ALWAYS_SEARCH_USER_PATHS = NO;
				CLANG_ANALYZER_NONNULL = YES;
				CLANG_ANALYZER_NUMBER_OBJECT_CONVERSION = YES_AGGRESSIVE;
				CLANG_CXX_LANGUAGE_STANDARD = "gnu++14";
				CLANG_CXX_LIBRARY = "libc++";
				CLANG_ENABLE_MODULES = YES;
				CLANG_ENABLE_OBJC_ARC = YES;
				CLANG_ENABLE_OBJC_WEAK = YES;
				CLANG_WARN_BLOCK_CAPTURE_AUTORELEASING = YES;
				CLANG_WARN_BOOL_CONVERSION = YES;
				CLANG_WARN_COMMA = YES;
				CLANG_WARN_CONSTANT_CONVERSION = YES;
				CLANG_WARN_DEPRECATED_OBJC_IMPLEMENTATIONS = YES;
				CLANG_WARN_DIRECT_OBJC_ISA_USAGE = YES_ERROR;
				CLANG_WARN_DOCUMENTATION_COMMENTS = YES;
				CLANG_WARN_EMPTY_BODY = YES;
				CLANG_WARN_ENUM_CONVERSION = YES;
				CLANG_WARN_INFINITE_RECURSION = YES;
				CLANG_WARN_INT_CONVERSION = YES;
				CLANG_WARN_NON_LITERAL_NULL_CONVERSION = YES;
				CLANG_WARN_OBJC_IMPLICIT_RETAIN_SELF = YES;
				CLANG_WARN_OBJC_LITERAL_CONVERSION = YES;
				CLANG_WARN_OBJC_ROOT_CLASS = YES_ERROR;
				CLANG_WARN_QUOTED_INCLUDE_IN_FRAMEWORK_HEADER = YES;
				CLANG_WARN_RANGE_LOOP_ANALYSIS = YES;
				CLANG_WARN_STRICT_PROTOTYPES = YES;
				CLANG_WARN_SUSPICIOUS_MOVE = YES;
				CLANG_WARN_UNGUARDED_AVAILABILITY = YES_AGGRESSIVE;
				CLANG_WARN_UNREACHABLE_CODE = YES;
				CLANG_WARN__DUPLICATE_METHOD_MATCH = YES;
				COPY_PHASE_STRIP = NO;
				DEBUG_INFORMATION_FORMAT = "dwarf-with-dsym";
				ENABLE_NS_ASSERTIONS = NO;
				ENABLE_STRICT_OBJC_MSGSEND = YES;
				GCC_C_LANGUAGE_STANDARD = gnu11;
				GCC_NO_COMMON_BLOCKS = YES;
				GCC_WARN_64_TO_32_BIT_CONVERSION = YES;
				GCC_WARN_ABOUT_RETURN_TYPE = YES_ERROR;
				GCC_WARN_UNDECLARED_SELECTOR = YES;
				GCC_WARN_UNINITIALIZED_AUTOS = YES_AGGRESSIVE;
				GCC_WARN_UNUSED_FUNCTION = YES;
				GCC_WARN_UNUSED_VARIABLE = YES;
				IPHONEOS_DEPLOYMENT_TARGET = 13.2;
				MTL_ENABLE_DEBUG_INFO = NO;
				MTL_FAST_MATH = YES;
				SDKROOT = iphoneos;
				SWIFT_COMPILATION_MODE = wholemodule;
				SWIFT_OPTIMIZATION_LEVEL = "-O";
				VALIDATE_PRODUCT = YES;
			};
			name = Release;
		};
		F132B29624038E00005B302A /* Debug */ = {
			isa = XCBuildConfiguration;
			buildSettings = {
				ASSETCATALOG_COMPILER_APPICON_NAME = AppIcon;
				CODE_SIGN_STYLE = Automatic;
				INFOPLIST_FILE = GHFollowers/Support/Info.plist;
				LD_RUNPATH_SEARCH_PATHS = (
					"$(inherited)",
					"@executable_path/Frameworks",
				);
				PRODUCT_BUNDLE_IDENTIFIER = com.diegocuehdz.GHFollowers;
				PRODUCT_NAME = "$(TARGET_NAME)";
				SWIFT_VERSION = 5.0;
				TARGETED_DEVICE_FAMILY = 1;
			};
			name = Debug;
		};
		F132B29724038E00005B302A /* Release */ = {
			isa = XCBuildConfiguration;
			buildSettings = {
				ASSETCATALOG_COMPILER_APPICON_NAME = AppIcon;
				CODE_SIGN_STYLE = Automatic;
				INFOPLIST_FILE = GHFollowers/Support/Info.plist;
				LD_RUNPATH_SEARCH_PATHS = (
					"$(inherited)",
					"@executable_path/Frameworks",
				);
				PRODUCT_BUNDLE_IDENTIFIER = com.diegocuehdz.GHFollowers;
				PRODUCT_NAME = "$(TARGET_NAME)";
				SWIFT_VERSION = 5.0;
				TARGETED_DEVICE_FAMILY = 1;
			};
			name = Release;
		};
/* End XCBuildConfiguration section */

/* Begin XCConfigurationList section */
		F132B27C24038DFA005B302A /* Build configuration list for PBXProject "GHFollowers" */ = {
			isa = XCConfigurationList;
			buildConfigurations = (
				F132B29324038E00005B302A /* Debug */,
				F132B29424038E00005B302A /* Release */,
			);
			defaultConfigurationIsVisible = 0;
			defaultConfigurationName = Release;
		};
		F132B29524038E00005B302A /* Build configuration list for PBXNativeTarget "GHFollowers" */ = {
			isa = XCConfigurationList;
			buildConfigurations = (
				F132B29624038E00005B302A /* Debug */,
				F132B29724038E00005B302A /* Release */,
			);
			defaultConfigurationIsVisible = 0;
			defaultConfigurationName = Release;
		};
/* End XCConfigurationList section */
	};
	rootObject = F132B27924038DFA005B302A /* Project object */;
}
